
Microsoft Visual Studio Solution File, Format Version 12.00
# Visual Studio 15
VisualStudioVersion = 15.0.28307.106
MinimumVisualStudioVersion = 10.0.40219.1
Project("{FAE04EC0-301F-11D3-BF4B-00C04F79EFBC}") = "Chromebook Firmware Update Tool", "Chromebook Firmware Update Tool\Chromebook Firmware Update Tool.csproj", "{D125C2F5-9CDC-46E4-8C6F-F9AB0C486D16}"
EndProject
Global
	GlobalSection(SolutionConfigurationPlatforms) = preSolution
		Debug|Any CPU = Debug|Any CPU
		Release|Any CPU = Release|Any CPU
	EndGlobalSection
	GlobalSection(ProjectConfigurationPlatforms) = postSolution
		{D125C2F5-9CDC-46E4-8C6F-F9AB0C486D16}.Debug|Any CPU.ActiveCfg = Debug|Any CPU
		{D125C2F5-9CDC-46E4-8C6F-F9AB0C486D16}.Debug|Any CPU.Build.0 = Debug|Any CPU
		{D125C2F5-9CDC-46E4-8C6F-F9AB0C486D16}.Release|Any CPU.ActiveCfg = Release|Any CPU
		{D125C2F5-9CDC-46E4-8C6F-F9AB0C486D16}.Release|Any CPU.Build.0 = Release|Any CPU
	EndGlobalSection
	GlobalSection(SolutionProperties) = preSolution
		HideSolutionNode = FALSE
	EndGlobalSection
	GlobalSection(ExtensibilityGlobals) = postSolution
		SolutionGuid = {8DEDC852-5687-44FD-8008-BE43CDF6B35F}
	EndGlobalSection
EndGlobal
